// !$*UTF8*$!
{
	archiveVersion = 1;
	classes = {
	};
	objectVersion = 50;
	objects = {

/* Begin PBXBuildFile section */
		1054ACAD25BB6937005FE95B /* AppDelegate.swift in Sources */ = {isa = PBXBuildFile; fileRef = 1054ACAC25BB6937005FE95B /* AppDelegate.swift */; };
		1054ACAF25BB6937005FE95B /* SceneDelegate.swift in Sources */ = {isa = PBXBuildFile; fileRef = 1054ACAE25BB6937005FE95B /* SceneDelegate.swift */; };
		1054ACB125BB6937005FE95B /* ViewController.swift in Sources */ = {isa = PBXBuildFile; fileRef = 1054ACB025BB6937005FE95B /* ViewController.swift */; };
		1054ACB425BB6937005FE95B /* Main.storyboard in Resources */ = {isa = PBXBuildFile; fileRef = 1054ACB225BB6937005FE95B /* Main.storyboard */; };
		1054ACB625BB6938005FE95B /* Assets.xcassets in Resources */ = {isa = PBXBuildFile; fileRef = 1054ACB525BB6938005FE95B /* Assets.xcassets */; };
		1054ACB925BB6938005FE95B /* LaunchScreen.storyboard in Resources */ = {isa = PBXBuildFile; fileRef = 1054ACB725BB6938005FE95B /* LaunchScreen.storyboard */; };
		1054ACC825BD6FC2005FE95B /* cardBack.png in Resources */ = {isa = PBXBuildFile; fileRef = 1054ACC725BD6FC2005FE95B /* cardBack.png */; };
		1054ACCB25BDACFD005FE95B /* content.txt in Resources */ = {isa = PBXBuildFile; fileRef = 1054ACCA25BDACFD005FE95B /* content.txt */; };
/* End PBXBuildFile section */

/* Begin PBXFileReference section */
		1054ACA925BB6937005FE95B /* Challenge10.app */ = {isa = PBXFileReference; explicitFileType = wrapper.application; includeInIndex = 0; path = Challenge10.app; sourceTree = BUILT_PRODUCTS_DIR; };
		1054ACAC25BB6937005FE95B /* AppDelegate.swift */ = {isa = PBXFileReference; lastKnownFileType = sourcecode.swift; path = AppDelegate.swift; sourceTree = "<group>"; };
		1054ACAE25BB6937005FE95B /* SceneDelegate.swift */ = {isa = PBXFileReference; lastKnownFileType = sourcecode.swift; path = SceneDelegate.swift; sourceTree = "<group>"; };
		1054ACB025BB6937005FE95B /* ViewController.swift */ = {isa = PBXFileReference; lastKnownFileType = sourcecode.swift; path = ViewController.swift; sourceTree = "<group>"; };
		1054ACB325BB6937005FE95B /* Base */ = {isa = PBXFileReference; lastKnownFileType = file.storyboard; name = Base; path = Base.lproj/Main.storyboard; sourceTree = "<group>"; };
		1054ACB525BB6938005FE95B /* Assets.xcassets */ = {isa = PBXFileReference; lastKnownFileType = folder.assetcatalog; path = Assets.xcassets; sourceTree = "<group>"; };
		1054ACB825BB6938005FE95B /* Base */ = {isa = PBXFileReference; lastKnownFileType = file.storyboard; name = Base; path = Base.lproj/LaunchScreen.storyboard; sourceTree = "<group>"; };
		1054ACBA25BB6938005FE95B /* Info.plist */ = {isa = PBXFileReference; lastKnownFileType = text.plist.xml; path = Info.plist; sourceTree = "<group>"; };
		1054ACC725BD6FC2005FE95B /* cardBack.png */ = {isa = PBXFileReference; lastKnownFileType = image.png; path = cardBack.png; sourceTree = "<group>"; };
		1054ACCA25BDACFD005FE95B /* content.txt */ = {isa = PBXFileReference; fileEncoding = 4; lastKnownFileType = text; path = content.txt; sourceTree = "<group>"; };
/* End PBXFileReference section */

/* Begin PBXFrameworksBuildPhase section */
		1054ACA625BB6937005FE95B /* Frameworks */ = {
			isa = PBXFrameworksBuildPhase;
			buildActionMask = 2147483647;
			files = (
			);
			runOnlyForDeploymentPostprocessing = 0;
		};
/* End PBXFrameworksBuildPhase section */

/* Begin PBXGroup section */
		1054ACA025BB6937005FE95B = {
			isa = PBXGroup;
			children = (
				1054ACAB25BB6937005FE95B /* Challenge10 */,
				1054ACAA25BB6937005FE95B /* Products */,
			);
			sourceTree = "<group>";
		};
		1054ACAA25BB6937005FE95B /* Products */ = {
			isa = PBXGroup;
			children = (
				1054ACA925BB6937005FE95B /* Challenge10.app */,
			);
			name = Products;
			sourceTree = "<group>";
		};
		1054ACAB25BB6937005FE95B /* Challenge10 */ = {
			isa = PBXGroup;
			children = (
				1054ACAC25BB6937005FE95B /* AppDelegate.swift */,
				1054ACAE25BB6937005FE95B /* SceneDelegate.swift */,
				1054ACB025BB6937005FE95B /* ViewController.swift */,
				1054ACB225BB6937005FE95B /* Main.storyboard */,
				1054ACB525BB6938005FE95B /* Assets.xcassets */,
				1054ACB725BB6938005FE95B /* LaunchScreen.storyboard */,
				1054ACBA25BB6938005FE95B /* Info.plist */,
				1054ACC725BD6FC2005FE95B /* cardBack.png */,
				1054ACCA25BDACFD005FE95B /* content.txt */,
			);
			path = Challenge10;
			sourceTree = "<group>";
		};
/* End PBXGroup section */

/* Begin PBXNativeTarget section */
		1054ACA825BB6937005FE95B /* Challenge10 */ = {
			isa = PBXNativeTarget;
			buildConfigurationList = 1054ACBD25BB6938005FE95B /* Build configuration list for PBXNativeTarget "Challenge10" */;
			buildPhases = (
				1054ACA525BB6937005FE95B /* Sources */,
				1054ACA625BB6937005FE95B /* Frameworks */,
				1054ACA725BB6937005FE95B /* Resources */,
			);
			buildRules = (
			);
			dependencies = (
			);
			name = Challenge10;
			productName = Challenge10;
			productReference = 1054ACA925BB6937005FE95B /* Challenge10.app */;
			productType = "com.apple.product-type.application";
		};
/* End PBXNativeTarget section */

/* Begin PBXProject section */
		1054ACA125BB6937005FE95B /* Project object */ = {
			isa = PBXProject;
			attributes = {
				LastSwiftUpdateCheck = 1230;
				LastUpgradeCheck = 1230;
				TargetAttributes = {
					1054ACA825BB6937005FE95B = {
						CreatedOnToolsVersion = 12.3;
					};
				};
			};
			buildConfigurationList = 1054ACA425BB6937005FE95B /* Build configuration list for PBXProject "Challenge10" */;
			compatibilityVersion = "Xcode 9.3";
			developmentRegion = en;
			hasScannedForEncodings = 0;
			knownRegions = (
				en,
				Base,
			);
			mainGroup = 1054ACA025BB6937005FE95B;
			productRefGroup = 1054ACAA25BB6937005FE95B /* Products */;
			projectDirPath = "";
			projectRoot = "";
			targets = (
				1054ACA825BB6937005FE95B /* Challenge10 */,
			);
		};
/* End PBXProject section */

/* Begin PBXResourcesBuildPhase section */
		1054ACA725BB6937005FE95B /* Resources */ = {
			isa = PBXResourcesBuildPhase;
			buildActionMask = 2147483647;
			files = (
				1054ACB925BB6938005FE95B /* LaunchScreen.storyboard in Resources */,
				1054ACB625BB6938005FE95B /* Assets.xcassets in Resources */,
				1054ACC825BD6FC2005FE95B /* cardBack.png in Resources */,
				1054ACB425BB6937005FE95B /* Main.storyboard in Resources */,
				1054ACCB25BDACFD005FE95B /* content.txt in Resources */,
			);
			runOnlyForDeploymentPostprocessing = 0;
		};
/* End PBXResourcesBuildPhase section */

/* Begin PBXSourcesBuildPhase section */
		1054ACA525BB6937005FE95B /* Sources */ = {
			isa = PBXSourcesBuildPhase;
			buildActionMask = 2147483647;
			files = (
				1054ACB125BB6937005FE95B /* ViewController.swift in Sources */,
				1054ACAD25BB6937005FE95B /* AppDelegate.swift in Sources */,
				1054ACAF25BB6937005FE95B /* SceneDelegate.swift in Sources */,
			);
			runOnlyForDeploymentPostprocessing = 0;
		};
/* End PBXSourcesBuildPhase section */

/* Begin PBXVariantGroup section */
		1054ACB225BB6937005FE95B /* Main.storyboard */ = {
			isa = PBXVariantGroup;
			children = (
				1054ACB325BB6937005FE95B /* Base */,
			);
			name = Main.storyboard;
			sourceTree = "<group>";
		};
		1054ACB725BB6938005FE95B /* LaunchScreen.storyboard */ = {
			isa = PBXVariantGroup;
			children = (
				1054ACB825BB6938005FE95B /* Base */,
			);
			name = LaunchScreen.storyboard;
			sourceTree = "<group>";
		};
/* End PBXVariantGroup section */

/* Begin XCBuildConfiguration section */
		1054ACBB25BB6938005FE95B /* Debug */ = {
			isa = XCBuildConfiguration;
			buildSettings = {
				ALWAYS_SEARCH_USER_PATHS = NO;
				CLANG_ANALYZER_NONNULL = YES;
				CLANG_ANALYZER_NUMBER_OBJECT_CONVERSION = YES_AGGRESSIVE;
				CLANG_CXX_LANGUAGE_STANDARD = "gnu++14";
				CLANG_CXX_LIBRARY = "libc++";
				CLANG_ENABLE_MODULES = YES;
				CLANG_ENABLE_OBJC_ARC = YES;
				CLANG_ENABLE_OBJC_WEAK = YES;
				CLANG_WARN_BLOCK_CAPTURE_AUTORELEASING = YES;
				CLANG_WARN_BOOL_CONVERSION = YES;
				CLANG_WARN_COMMA = YES;
				CLANG_WARN_CONSTANT_CONVERSION = YES;
				CLANG_WARN_DEPRECATED_OBJC_IMPLEMENTATIONS = YES;
				CLANG_WARN_DIRECT_OBJC_ISA_USAGE = YES_ERROR;
				CLANG_WARN_DOCUMENTATION_COMMENTS = YES;
				CLANG_WARN_EMPTY_BODY = YES;
				CLANG_WARN_ENUM_CONVERSION = YES;
				CLANG_WARN_INFINITE_RECURSION = YES;
				CLANG_WARN_INT_CONVERSION = YES;
				CLANG_WARN_NON_LITERAL_NULL_CONVERSION = YES;
				CLANG_WARN_OBJC_IMPLICIT_RETAIN_SELF = YES;
				CLANG_WARN_OBJC_LITERAL_CONVERSION = YES;
				CLANG_WARN_OBJC_ROOT_CLASS = YES_ERROR;
				CLANG_WARN_QUOTED_INCLUDE_IN_FRAMEWORK_HEADER = YES;
				CLANG_WARN_RANGE_LOOP_ANALYSIS = YES;
				CLANG_WARN_STRICT_PROTOTYPES = YES;
				CLANG_WARN_SUSPICIOUS_MOVE = YES;
				CLANG_WARN_UNGUARDED_AVAILABILITY = YES_AGGRESSIVE;
				CLANG_WARN_UNREACHABLE_CODE = YES;
				CLANG_WARN__DUPLICATE_METHOD_MATCH = YES;
				COPY_PHASE_STRIP = NO;
				DEBUG_INFORMATION_FORMAT = dwarf;
				ENABLE_STRICT_OBJC_MSGSEND = YES;
				ENABLE_TESTABILITY = YES;
				GCC_C_LANGUAGE_STANDARD = gnu11;
				GCC_DYNAMIC_NO_PIC = NO;
				GCC_NO_COMMON_BLOCKS = YES;
				GCC_OPTIMIZATION_LEVEL = 0;
				GCC_PREPROCESSOR_DEFINITIONS = (
					"DEBUG=1",
					"$(inherited)",
				);
				GCC_WARN_64_TO_32_BIT_CONVERSION = YES;
				GCC_WARN_ABOUT_RETURN_TYPE = YES_ERROR;
				GCC_WARN_UNDECLARED_SELECTOR = YES;
				GCC_WARN_UNINITIALIZED_AUTOS = YES_AGGRESSIVE;
				GCC_WARN_UNUSED_FUNCTION = YES;
				GCC_WARN_UNUSED_VARIABLE = YES;
				IPHONEOS_DEPLOYMENT_TARGET = 14.3;
				MTL_ENABLE_DEBUG_INFO = INCLUDE_SOURCE;
				MTL_FAST_MATH = YES;
				ONLY_ACTIVE_ARCH = YES;
				SDKROOT = iphoneos;
				SWIFT_ACTIVE_COMPILATION_CONDITIONS = DEBUG;
				SWIFT_OPTIMIZATION_LEVEL = "-Onone";
			};
			name = Debug;
		};
		1054ACBC25BB6938005FE95B /* Release */ = {
			isa = XCBuildConfiguration;
			buildSettings = {
				ALWAYS_SEARCH_USER_PATHS = NO;
				CLANG_ANALYZER_NONNULL = YES;
				CLANG_ANALYZER_NUMBER_OBJECT_CONVERSION = YES_AGGRESSIVE;
				CLANG_CXX_LANGUAGE_STANDARD = "gnu++14";
				CLANG_CXX_LIBRARY = "libc++";
				CLANG_ENABLE_MODULES = YES;
				CLANG_ENABLE_OBJC_ARC = YES;
				CLANG_ENABLE_OBJC_WEAK = YES;
				CLANG_WARN_BLOCK_CAPTURE_AUTORELEASING = YES;
				CLANG_WARN_BOOL_CONVERSION = YES;
				CLANG_WARN_COMMA = YES;
				CLANG_WARN_CONSTANT_CONVERSION = YES;
				CLANG_WARN_DEPRECATED_OBJC_IMPLEMENTATIONS = YES;
				CLANG_WARN_DIRECT_OBJC_ISA_USAGE = YES_ERROR;
				CLANG_WARN_DOCUMENTATION_COMMENTS = YES;
				CLANG_WARN_EMPTY_BODY = YES;
				CLANG_WARN_ENUM_CONVERSION = YES;
				CLANG_WARN_INFINITE_RECURSION = YES;
				CLANG_WARN_INT_CONVERSION = YES;
				CLANG_WARN_NON_LITERAL_NULL_CONVERSION = YES;
				CLANG_WARN_OBJC_IMPLICIT_RETAIN_SELF = YES;
				CLANG_WARN_OBJC_LITERAL_CONVERSION = YES;
				CLANG_WARN_OBJC_ROOT_CLASS = YES_ERROR;
				CLANG_WARN_QUOTED_INCLUDE_IN_FRAMEWORK_HEADER = YES;
				CLANG_WARN_RANGE_LOOP_ANALYSIS = YES;
				CLANG_WARN_STRICT_PROTOTYPES = YES;
				CLANG_WARN_SUSPICIOUS_MOVE = YES;
				CLANG_WARN_UNGUARDED_AVAILABILITY = YES_AGGRESSIVE;
				CLANG_WARN_UNREACHABLE_CODE = YES;
				CLANG_WARN__DUPLICATE_METHOD_MATCH = YES;
				COPY_PHASE_STRIP = NO;
				DEBUG_INFORMATION_FORMAT = "dwarf-with-dsym";
				ENABLE_NS_ASSERTIONS = NO;
				ENABLE_STRICT_OBJC_MSGSEND = YES;
				GCC_C_LANGUAGE_STANDARD = gnu11;
				GCC_NO_COMMON_BLOCKS = YES;
				GCC_WARN_64_TO_32_BIT_CONVERSION = YES;
				GCC_WARN_ABOUT_RETURN_TYPE = YES_ERROR;
				GCC_WARN_UNDECLARED_SELECTOR = YES;
				GCC_WARN_UNINITIALIZED_AUTOS = YES_AGGRESSIVE;
				GCC_WARN_UNUSED_FUNCTION = YES;
				GCC_WARN_UNUSED_VARIABLE = YES;
				IPHONEOS_DEPLOYMENT_TARGET = 14.3;
				MTL_ENABLE_DEBUG_INFO = NO;
				MTL_FAST_MATH = YES;
				SDKROOT = iphoneos;
				SWIFT_COMPILATION_MODE = wholemodule;
				SWIFT_OPTIMIZATION_LEVEL = "-O";
				VALIDATE_PRODUCT = YES;
			};
			name = Release;
		};
		1054ACBE25BB6938005FE95B /* Debug */ = {
			isa = XCBuildConfiguration;
			buildSettings = {
				ASSETCATALOG_COMPILER_APPICON_NAME = AppIcon;
				ASSETCATALOG_COMPILER_GLOBAL_ACCENT_COLOR_NAME = AccentColor;
				CODE_SIGN_STYLE = Automatic;
				DEVELOPMENT_TEAM = 49XESD2744;
				INFOPLIST_FILE = Challenge10/Info.plist;
				LD_RUNPATH_SEARCH_PATHS = (
					"$(inherited)",
					"@executable_path/Frameworks",
				);
				PRODUCT_BUNDLE_IDENTIFIER = com.musty.Challenge10;
				PRODUCT_NAME = "$(TARGET_NAME)";
				SWIFT_VERSION = 5.0;
				TARGETED_DEVICE_FAMILY = 2;
			};
			name = Debug;
		};
		1054ACBF25BB6938005FE95B /* Release */ = {
			isa = XCBuildConfiguration;
			buildSettings = {
				ASSETCATALOG_COMPILER_APPICON_NAME = AppIcon;
				ASSETCATALOG_COMPILER_GLOBAL_ACCENT_COLOR_NAME = AccentColor;
				CODE_SIGN_STYLE = Automatic;
				DEVELOPMENT_TEAM = 49XESD2744;
				INFOPLIST_FILE = Challenge10/Info.plist;
				LD_RUNPATH_SEARCH_PATHS = (
					"$(inherited)",
					"@executable_path/Frameworks",
				);
				PRODUCT_BUNDLE_IDENTIFIER = com.musty.Challenge10;
				PRODUCT_NAME = "$(TARGET_NAME)";
				SWIFT_VERSION = 5.0;
				TARGETED_DEVICE_FAMILY = 2;
			};
			name = Release;
		};
/* End XCBuildConfiguration section */

/* Begin XCConfigurationList section */
		1054ACA425BB6937005FE95B /* Build configuration list for PBXProject "Challenge10" */ = {
			isa = XCConfigurationList;
			buildConfigurations = (
				1054ACBB25BB6938005FE95B /* Debug */,
				1054ACBC25BB6938005FE95B /* Release */,
			);
			defaultConfigurationIsVisible = 0;
			defaultConfigurationName = Release;
		};
		1054ACBD25BB6938005FE95B /* Build configuration list for PBXNativeTarget "Challenge10" */ = {
			isa = XCConfigurationList;
			buildConfigurations = (
				1054ACBE25BB6938005FE95B /* Debug */,
				1054ACBF25BB6938005FE95B /* Release */,
			);
			defaultConfigurationIsVisible = 0;
			defaultConfigurationName = Release;
		};
/* End XCConfigurationList section */
	};
	rootObject = 1054ACA125BB6937005FE95B /* Project object */;
}
