// !$*UTF8*$!
{
	archiveVersion = 1;
	classes = {
	};
	objectVersion = 50;
	objects = {

/* Begin PBXBuildFile section */
		10C97F3625A37FA7005ED0F1 /* AppDelegate.swift in Sources */ = {isa = PBXBuildFile; fileRef = 10C97F3525A37FA7005ED0F1 /* AppDelegate.swift */; };
		10C97F3825A37FA7005ED0F1 /* SceneDelegate.swift in Sources */ = {isa = PBXBuildFile; fileRef = 10C97F3725A37FA7005ED0F1 /* SceneDelegate.swift */; };
		10C97F3A25A37FA7005ED0F1 /* ViewController.swift in Sources */ = {isa = PBXBuildFile; fileRef = 10C97F3925A37FA7005ED0F1 /* ViewController.swift */; };
		10C97F3D25A37FA7005ED0F1 /* Main.storyboard in Resources */ = {isa = PBXBuildFile; fileRef = 10C97F3B25A37FA7005ED0F1 /* Main.storyboard */; };
		10C97F3F25A37FA8005ED0F1 /* Assets.xcassets in Resources */ = {isa = PBXBuildFile; fileRef = 10C97F3E25A37FA8005ED0F1 /* Assets.xcassets */; };
		10C97F4225A37FA8005ED0F1 /* LaunchScreen.storyboard in Resources */ = {isa = PBXBuildFile; fileRef = 10C97F4025A37FA8005ED0F1 /* LaunchScreen.storyboard */; };
		10C97F5125A382EF005ED0F1 /* Media.xcassets in Resources */ = {isa = PBXBuildFile; fileRef = 10C97F5025A382EF005ED0F1 /* Media.xcassets */; };
		10C97F5325A382EF005ED0F1 /* ActionViewController.swift in Sources */ = {isa = PBXBuildFile; fileRef = 10C97F5225A382EF005ED0F1 /* ActionViewController.swift */; };
		10C97F5625A382EF005ED0F1 /* MainInterface.storyboard in Resources */ = {isa = PBXBuildFile; fileRef = 10C97F5425A382EF005ED0F1 /* MainInterface.storyboard */; };
		10C97F5A25A382EF005ED0F1 /* Extension.appex in Embed App Extensions */ = {isa = PBXBuildFile; fileRef = 10C97F4E25A382EF005ED0F1 /* Extension.appex */; settings = {ATTRIBUTES = (RemoveHeadersOnCopy, ); }; };
		10C97F6225A38692005ED0F1 /* Action.js in Resources */ = {isa = PBXBuildFile; fileRef = 10C97F6125A38692005ED0F1 /* Action.js */; };
/* End PBXBuildFile section */

/* Begin PBXContainerItemProxy section */
		10C97F5825A382EF005ED0F1 /* PBXContainerItemProxy */ = {
			isa = PBXContainerItemProxy;
			containerPortal = 10C97F2A25A37FA7005ED0F1 /* Project object */;
			proxyType = 1;
			remoteGlobalIDString = 10C97F4D25A382EF005ED0F1;
			remoteInfo = Extension;
		};
/* End PBXContainerItemProxy section */

/* Begin PBXCopyFilesBuildPhase section */
		10C97F5E25A382EF005ED0F1 /* Embed App Extensions */ = {
			isa = PBXCopyFilesBuildPhase;
			buildActionMask = 2147483647;
			dstPath = "";
			dstSubfolderSpec = 13;
			files = (
				10C97F5A25A382EF005ED0F1 /* Extension.appex in Embed App Extensions */,
			);
			name = "Embed App Extensions";
			runOnlyForDeploymentPostprocessing = 0;
		};
/* End PBXCopyFilesBuildPhase section */

/* Begin PBXFileReference section */
		10C97F3225A37FA7005ED0F1 /* Project19.app */ = {isa = PBXFileReference; explicitFileType = wrapper.application; includeInIndex = 0; path = Project19.app; sourceTree = BUILT_PRODUCTS_DIR; };
		10C97F3525A37FA7005ED0F1 /* AppDelegate.swift */ = {isa = PBXFileReference; lastKnownFileType = sourcecode.swift; path = AppDelegate.swift; sourceTree = "<group>"; };
		10C97F3725A37FA7005ED0F1 /* SceneDelegate.swift */ = {isa = PBXFileReference; lastKnownFileType = sourcecode.swift; path = SceneDelegate.swift; sourceTree = "<group>"; };
		10C97F3925A37FA7005ED0F1 /* ViewController.swift */ = {isa = PBXFileReference; lastKnownFileType = sourcecode.swift; path = ViewController.swift; sourceTree = "<group>"; };
		10C97F3C25A37FA7005ED0F1 /* Base */ = {isa = PBXFileReference; lastKnownFileType = file.storyboard; name = Base; path = Base.lproj/Main.storyboard; sourceTree = "<group>"; };
		10C97F3E25A37FA8005ED0F1 /* Assets.xcassets */ = {isa = PBXFileReference; lastKnownFileType = folder.assetcatalog; path = Assets.xcassets; sourceTree = "<group>"; };
		10C97F4125A37FA8005ED0F1 /* Base */ = {isa = PBXFileReference; lastKnownFileType = file.storyboard; name = Base; path = Base.lproj/LaunchScreen.storyboard; sourceTree = "<group>"; };
		10C97F4325A37FA8005ED0F1 /* Info.plist */ = {isa = PBXFileReference; lastKnownFileType = text.plist.xml; path = Info.plist; sourceTree = "<group>"; };
		10C97F4E25A382EF005ED0F1 /* Extension.appex */ = {isa = PBXFileReference; explicitFileType = "wrapper.app-extension"; includeInIndex = 0; path = Extension.appex; sourceTree = BUILT_PRODUCTS_DIR; };
		10C97F5025A382EF005ED0F1 /* Media.xcassets */ = {isa = PBXFileReference; lastKnownFileType = folder.assetcatalog; path = Media.xcassets; sourceTree = "<group>"; };
		10C97F5225A382EF005ED0F1 /* ActionViewController.swift */ = {isa = PBXFileReference; lastKnownFileType = sourcecode.swift; path = ActionViewController.swift; sourceTree = "<group>"; };
		10C97F5525A382EF005ED0F1 /* Base */ = {isa = PBXFileReference; lastKnownFileType = file.storyboard; name = Base; path = Base.lproj/MainInterface.storyboard; sourceTree = "<group>"; };
		10C97F5725A382EF005ED0F1 /* Info.plist */ = {isa = PBXFileReference; lastKnownFileType = text.plist.xml; path = Info.plist; sourceTree = "<group>"; };
		10C97F6125A38692005ED0F1 /* Action.js */ = {isa = PBXFileReference; lastKnownFileType = sourcecode.javascript; path = Action.js; sourceTree = "<group>"; };
/* End PBXFileReference section */

/* Begin PBXFrameworksBuildPhase section */
		10C97F2F25A37FA7005ED0F1 /* Frameworks */ = {
			isa = PBXFrameworksBuildPhase;
			buildActionMask = 2147483647;
			files = (
			);
			runOnlyForDeploymentPostprocessing = 0;
		};
		10C97F4B25A382EF005ED0F1 /* Frameworks */ = {
			isa = PBXFrameworksBuildPhase;
			buildActionMask = 2147483647;
			files = (
			);
			runOnlyForDeploymentPostprocessing = 0;
		};
/* End PBXFrameworksBuildPhase section */

/* Begin PBXGroup section */
		10C97F2925A37FA7005ED0F1 = {
			isa = PBXGroup;
			children = (
				10C97F3425A37FA7005ED0F1 /* Project19 */,
				10C97F4F25A382EF005ED0F1 /* Extension */,
				10C97F3325A37FA7005ED0F1 /* Products */,
			);
			sourceTree = "<group>";
		};
		10C97F3325A37FA7005ED0F1 /* Products */ = {
			isa = PBXGroup;
			children = (
				10C97F3225A37FA7005ED0F1 /* Project19.app */,
				10C97F4E25A382EF005ED0F1 /* Extension.appex */,
			);
			name = Products;
			sourceTree = "<group>";
		};
		10C97F3425A37FA7005ED0F1 /* Project19 */ = {
			isa = PBXGroup;
			children = (
				10C97F3525A37FA7005ED0F1 /* AppDelegate.swift */,
				10C97F3725A37FA7005ED0F1 /* SceneDelegate.swift */,
				10C97F3925A37FA7005ED0F1 /* ViewController.swift */,
				10C97F3B25A37FA7005ED0F1 /* Main.storyboard */,
				10C97F3E25A37FA8005ED0F1 /* Assets.xcassets */,
				10C97F4025A37FA8005ED0F1 /* LaunchScreen.storyboard */,
				10C97F4325A37FA8005ED0F1 /* Info.plist */,
			);
			path = Project19;
			sourceTree = "<group>";
		};
		10C97F4F25A382EF005ED0F1 /* Extension */ = {
			isa = PBXGroup;
			children = (
				10C97F5025A382EF005ED0F1 /* Media.xcassets */,
				10C97F5225A382EF005ED0F1 /* ActionViewController.swift */,
				10C97F5425A382EF005ED0F1 /* MainInterface.storyboard */,
				10C97F5725A382EF005ED0F1 /* Info.plist */,
				10C97F6125A38692005ED0F1 /* Action.js */,
			);
			path = Extension;
			sourceTree = "<group>";
		};
/* End PBXGroup section */

/* Begin PBXNativeTarget section */
		10C97F3125A37FA7005ED0F1 /* Project19 */ = {
			isa = PBXNativeTarget;
			buildConfigurationList = 10C97F4625A37FA8005ED0F1 /* Build configuration list for PBXNativeTarget "Project19" */;
			buildPhases = (
				10C97F2E25A37FA7005ED0F1 /* Sources */,
				10C97F2F25A37FA7005ED0F1 /* Frameworks */,
				10C97F3025A37FA7005ED0F1 /* Resources */,
				10C97F5E25A382EF005ED0F1 /* Embed App Extensions */,
			);
			buildRules = (
			);
			dependencies = (
				10C97F5925A382EF005ED0F1 /* PBXTargetDependency */,
			);
			name = Project19;
			productName = Project19;
			productReference = 10C97F3225A37FA7005ED0F1 /* Project19.app */;
			productType = "com.apple.product-type.application";
		};
		10C97F4D25A382EF005ED0F1 /* Extension */ = {
			isa = PBXNativeTarget;
			buildConfigurationList = 10C97F5B25A382EF005ED0F1 /* Build configuration list for PBXNativeTarget "Extension" */;
			buildPhases = (
				10C97F4A25A382EF005ED0F1 /* Sources */,
				10C97F4B25A382EF005ED0F1 /* Frameworks */,
				10C97F4C25A382EF005ED0F1 /* Resources */,
			);
			buildRules = (
			);
			dependencies = (
			);
			name = Extension;
			productName = Extension;
			productReference = 10C97F4E25A382EF005ED0F1 /* Extension.appex */;
			productType = "com.apple.product-type.app-extension";
		};
/* End PBXNativeTarget section */

/* Begin PBXProject section */
		10C97F2A25A37FA7005ED0F1 /* Project object */ = {
			isa = PBXProject;
			attributes = {
				LastSwiftUpdateCheck = 1230;
				LastUpgradeCheck = 1230;
				TargetAttributes = {
					10C97F3125A37FA7005ED0F1 = {
						CreatedOnToolsVersion = 12.3;
					};
					10C97F4D25A382EF005ED0F1 = {
						CreatedOnToolsVersion = 12.3;
					};
				};
			};
			buildConfigurationList = 10C97F2D25A37FA7005ED0F1 /* Build configuration list for PBXProject "Project19" */;
			compatibilityVersion = "Xcode 9.3";
			developmentRegion = en;
			hasScannedForEncodings = 0;
			knownRegions = (
				en,
				Base,
			);
			mainGroup = 10C97F2925A37FA7005ED0F1;
			productRefGroup = 10C97F3325A37FA7005ED0F1 /* Products */;
			projectDirPath = "";
			projectRoot = "";
			targets = (
				10C97F3125A37FA7005ED0F1 /* Project19 */,
				10C97F4D25A382EF005ED0F1 /* Extension */,
			);
		};
/* End PBXProject section */

/* Begin PBXResourcesBuildPhase section */
		10C97F3025A37FA7005ED0F1 /* Resources */ = {
			isa = PBXResourcesBuildPhase;
			buildActionMask = 2147483647;
			files = (
				10C97F4225A37FA8005ED0F1 /* LaunchScreen.storyboard in Resources */,
				10C97F3F25A37FA8005ED0F1 /* Assets.xcassets in Resources */,
				10C97F3D25A37FA7005ED0F1 /* Main.storyboard in Resources */,
			);
			runOnlyForDeploymentPostprocessing = 0;
		};
		10C97F4C25A382EF005ED0F1 /* Resources */ = {
			isa = PBXResourcesBuildPhase;
			buildActionMask = 2147483647;
			files = (
				10C97F6225A38692005ED0F1 /* Action.js in Resources */,
				10C97F5125A382EF005ED0F1 /* Media.xcassets in Resources */,
				10C97F5625A382EF005ED0F1 /* MainInterface.storyboard in Resources */,
			);
			runOnlyForDeploymentPostprocessing = 0;
		};
/* End PBXResourcesBuildPhase section */

/* Begin PBXSourcesBuildPhase section */
		10C97F2E25A37FA7005ED0F1 /* Sources */ = {
			isa = PBXSourcesBuildPhase;
			buildActionMask = 2147483647;
			files = (
				10C97F3A25A37FA7005ED0F1 /* ViewController.swift in Sources */,
				10C97F3625A37FA7005ED0F1 /* AppDelegate.swift in Sources */,
				10C97F3825A37FA7005ED0F1 /* SceneDelegate.swift in Sources */,
			);
			runOnlyForDeploymentPostprocessing = 0;
		};
		10C97F4A25A382EF005ED0F1 /* Sources */ = {
			isa = PBXSourcesBuildPhase;
			buildActionMask = 2147483647;
			files = (
				10C97F5325A382EF005ED0F1 /* ActionViewController.swift in Sources */,
			);
			runOnlyForDeploymentPostprocessing = 0;
		};
/* End PBXSourcesBuildPhase section */

/* Begin PBXTargetDependency section */
		10C97F5925A382EF005ED0F1 /* PBXTargetDependency */ = {
			isa = PBXTargetDependency;
			target = 10C97F4D25A382EF005ED0F1 /* Extension */;
			targetProxy = 10C97F5825A382EF005ED0F1 /* PBXContainerItemProxy */;
		};
/* End PBXTargetDependency section */

/* Begin PBXVariantGroup section */
		10C97F3B25A37FA7005ED0F1 /* Main.storyboard */ = {
			isa = PBXVariantGroup;
			children = (
				10C97F3C25A37FA7005ED0F1 /* Base */,
			);
			name = Main.storyboard;
			sourceTree = "<group>";
		};
		10C97F4025A37FA8005ED0F1 /* LaunchScreen.storyboard */ = {
			isa = PBXVariantGroup;
			children = (
				10C97F4125A37FA8005ED0F1 /* Base */,
			);
			name = LaunchScreen.storyboard;
			sourceTree = "<group>";
		};
		10C97F5425A382EF005ED0F1 /* MainInterface.storyboard */ = {
			isa = PBXVariantGroup;
			children = (
				10C97F5525A382EF005ED0F1 /* Base */,
			);
			name = MainInterface.storyboard;
			sourceTree = "<group>";
		};
/* End PBXVariantGroup section */

/* Begin XCBuildConfiguration section */
		10C97F4425A37FA8005ED0F1 /* Debug */ = {
			isa = XCBuildConfiguration;
			buildSettings = {
				ALWAYS_SEARCH_USER_PATHS = NO;
				CLANG_ANALYZER_NONNULL = YES;
				CLANG_ANALYZER_NUMBER_OBJECT_CONVERSION = YES_AGGRESSIVE;
				CLANG_CXX_LANGUAGE_STANDARD = "gnu++14";
				CLANG_CXX_LIBRARY = "libc++";
				CLANG_ENABLE_MODULES = YES;
				CLANG_ENABLE_OBJC_ARC = YES;
				CLANG_ENABLE_OBJC_WEAK = YES;
				CLANG_WARN_BLOCK_CAPTURE_AUTORELEASING = YES;
				CLANG_WARN_BOOL_CONVERSION = YES;
				CLANG_WARN_COMMA = YES;
				CLANG_WARN_CONSTANT_CONVERSION = YES;
				CLANG_WARN_DEPRECATED_OBJC_IMPLEMENTATIONS = YES;
				CLANG_WARN_DIRECT_OBJC_ISA_USAGE = YES_ERROR;
				CLANG_WARN_DOCUMENTATION_COMMENTS = YES;
				CLANG_WARN_EMPTY_BODY = YES;
				CLANG_WARN_ENUM_CONVERSION = YES;
				CLANG_WARN_INFINITE_RECURSION = YES;
				CLANG_WARN_INT_CONVERSION = YES;
				CLANG_WARN_NON_LITERAL_NULL_CONVERSION = YES;
				CLANG_WARN_OBJC_IMPLICIT_RETAIN_SELF = YES;
				CLANG_WARN_OBJC_LITERAL_CONVERSION = YES;
				CLANG_WARN_OBJC_ROOT_CLASS = YES_ERROR;
				CLANG_WARN_QUOTED_INCLUDE_IN_FRAMEWORK_HEADER = YES;
				CLANG_WARN_RANGE_LOOP_ANALYSIS = YES;
				CLANG_WARN_STRICT_PROTOTYPES = YES;
				CLANG_WARN_SUSPICIOUS_MOVE = YES;
				CLANG_WARN_UNGUARDED_AVAILABILITY = YES_AGGRESSIVE;
				CLANG_WARN_UNREACHABLE_CODE = YES;
				CLANG_WARN__DUPLICATE_METHOD_MATCH = YES;
				COPY_PHASE_STRIP = NO;
				DEBUG_INFORMATION_FORMAT = dwarf;
				ENABLE_STRICT_OBJC_MSGSEND = YES;
				ENABLE_TESTABILITY = YES;
				GCC_C_LANGUAGE_STANDARD = gnu11;
				GCC_DYNAMIC_NO_PIC = NO;
				GCC_NO_COMMON_BLOCKS = YES;
				GCC_OPTIMIZATION_LEVEL = 0;
				GCC_PREPROCESSOR_DEFINITIONS = (
					"DEBUG=1",
					"$(inherited)",
				);
				GCC_WARN_64_TO_32_BIT_CONVERSION = YES;
				GCC_WARN_ABOUT_RETURN_TYPE = YES_ERROR;
				GCC_WARN_UNDECLARED_SELECTOR = YES;
				GCC_WARN_UNINITIALIZED_AUTOS = YES_AGGRESSIVE;
				GCC_WARN_UNUSED_FUNCTION = YES;
				GCC_WARN_UNUSED_VARIABLE = YES;
				IPHONEOS_DEPLOYMENT_TARGET = 14.3;
				MTL_ENABLE_DEBUG_INFO = INCLUDE_SOURCE;
				MTL_FAST_MATH = YES;
				ONLY_ACTIVE_ARCH = YES;
				SDKROOT = iphoneos;
				SWIFT_ACTIVE_COMPILATION_CONDITIONS = DEBUG;
				SWIFT_OPTIMIZATION_LEVEL = "-Onone";
			};
			name = Debug;
		};
		10C97F4525A37FA8005ED0F1 /* Release */ = {
			isa = XCBuildConfiguration;
			buildSettings = {
				ALWAYS_SEARCH_USER_PATHS = NO;
				CLANG_ANALYZER_NONNULL = YES;
				CLANG_ANALYZER_NUMBER_OBJECT_CONVERSION = YES_AGGRESSIVE;
				CLANG_CXX_LANGUAGE_STANDARD = "gnu++14";
				CLANG_CXX_LIBRARY = "libc++";
				CLANG_ENABLE_MODULES = YES;
				CLANG_ENABLE_OBJC_ARC = YES;
				CLANG_ENABLE_OBJC_WEAK = YES;
				CLANG_WARN_BLOCK_CAPTURE_AUTORELEASING = YES;
				CLANG_WARN_BOOL_CONVERSION = YES;
				CLANG_WARN_COMMA = YES;
				CLANG_WARN_CONSTANT_CONVERSION = YES;
				CLANG_WARN_DEPRECATED_OBJC_IMPLEMENTATIONS = YES;
				CLANG_WARN_DIRECT_OBJC_ISA_USAGE = YES_ERROR;
				CLANG_WARN_DOCUMENTATION_COMMENTS = YES;
				CLANG_WARN_EMPTY_BODY = YES;
				CLANG_WARN_ENUM_CONVERSION = YES;
				CLANG_WARN_INFINITE_RECURSION = YES;
				CLANG_WARN_INT_CONVERSION = YES;
				CLANG_WARN_NON_LITERAL_NULL_CONVERSION = YES;
				CLANG_WARN_OBJC_IMPLICIT_RETAIN_SELF = YES;
				CLANG_WARN_OBJC_LITERAL_CONVERSION = YES;
				CLANG_WARN_OBJC_ROOT_CLASS = YES_ERROR;
				CLANG_WARN_QUOTED_INCLUDE_IN_FRAMEWORK_HEADER = YES;
				CLANG_WARN_RANGE_LOOP_ANALYSIS = YES;
				CLANG_WARN_STRICT_PROTOTYPES = YES;
				CLANG_WARN_SUSPICIOUS_MOVE = YES;
				CLANG_WARN_UNGUARDED_AVAILABILITY = YES_AGGRESSIVE;
				CLANG_WARN_UNREACHABLE_CODE = YES;
				CLANG_WARN__DUPLICATE_METHOD_MATCH = YES;
				COPY_PHASE_STRIP = NO;
				DEBUG_INFORMATION_FORMAT = "dwarf-with-dsym";
				ENABLE_NS_ASSERTIONS = NO;
				ENABLE_STRICT_OBJC_MSGSEND = YES;
				GCC_C_LANGUAGE_STANDARD = gnu11;
				GCC_NO_COMMON_BLOCKS = YES;
				GCC_WARN_64_TO_32_BIT_CONVERSION = YES;
				GCC_WARN_ABOUT_RETURN_TYPE = YES_ERROR;
				GCC_WARN_UNDECLARED_SELECTOR = YES;
				GCC_WARN_UNINITIALIZED_AUTOS = YES_AGGRESSIVE;
				GCC_WARN_UNUSED_FUNCTION = YES;
				GCC_WARN_UNUSED_VARIABLE = YES;
				IPHONEOS_DEPLOYMENT_TARGET = 14.3;
				MTL_ENABLE_DEBUG_INFO = NO;
				MTL_FAST_MATH = YES;
				SDKROOT = iphoneos;
				SWIFT_COMPILATION_MODE = wholemodule;
				SWIFT_OPTIMIZATION_LEVEL = "-O";
				VALIDATE_PRODUCT = YES;
			};
			name = Release;
		};
		10C97F4725A37FA8005ED0F1 /* Debug */ = {
			isa = XCBuildConfiguration;
			buildSettings = {
				ALWAYS_EMBED_SWIFT_STANDARD_LIBRARIES = YES;
				ASSETCATALOG_COMPILER_APPICON_NAME = AppIcon;
				ASSETCATALOG_COMPILER_GLOBAL_ACCENT_COLOR_NAME = AccentColor;
				CODE_SIGN_STYLE = Automatic;
				DEVELOPMENT_TEAM = 49XESD2744;
				INFOPLIST_FILE = Project19/Info.plist;
				LD_RUNPATH_SEARCH_PATHS = (
					"$(inherited)",
					"@executable_path/Frameworks",
				);
				PRODUCT_BUNDLE_IDENTIFIER = com.musty.Project19;
				PRODUCT_NAME = "$(TARGET_NAME)";
				SWIFT_VERSION = 5.0;
				TARGETED_DEVICE_FAMILY = "1,2";
			};
			name = Debug;
		};
		10C97F4825A37FA8005ED0F1 /* Release */ = {
			isa = XCBuildConfiguration;
			buildSettings = {
				ALWAYS_EMBED_SWIFT_STANDARD_LIBRARIES = YES;
				ASSETCATALOG_COMPILER_APPICON_NAME = AppIcon;
				ASSETCATALOG_COMPILER_GLOBAL_ACCENT_COLOR_NAME = AccentColor;
				CODE_SIGN_STYLE = Automatic;
				DEVELOPMENT_TEAM = 49XESD2744;
				INFOPLIST_FILE = Project19/Info.plist;
				LD_RUNPATH_SEARCH_PATHS = (
					"$(inherited)",
					"@executable_path/Frameworks",
				);
				PRODUCT_BUNDLE_IDENTIFIER = com.musty.Project19;
				PRODUCT_NAME = "$(TARGET_NAME)";
				SWIFT_VERSION = 5.0;
				TARGETED_DEVICE_FAMILY = "1,2";
			};
			name = Release;
		};
		10C97F5C25A382EF005ED0F1 /* Debug */ = {
			isa = XCBuildConfiguration;
			buildSettings = {
				CODE_SIGN_STYLE = Automatic;
				DEVELOPMENT_TEAM = 49XESD2744;
				INFOPLIST_FILE = Extension/Info.plist;
				LD_RUNPATH_SEARCH_PATHS = (
					"$(inherited)",
					"@executable_path/Frameworks",
					"@executable_path/../../Frameworks",
				);
				PRODUCT_BUNDLE_IDENTIFIER = com.musty.Project19.Extension;
				PRODUCT_NAME = "$(TARGET_NAME)";
				SKIP_INSTALL = YES;
				SWIFT_VERSION = 5.0;
				TARGETED_DEVICE_FAMILY = "1,2";
			};
			name = Debug;
		};
		10C97F5D25A382EF005ED0F1 /* Release */ = {
			isa = XCBuildConfiguration;
			buildSettings = {
				CODE_SIGN_STYLE = Automatic;
				DEVELOPMENT_TEAM = 49XESD2744;
				INFOPLIST_FILE = Extension/Info.plist;
				LD_RUNPATH_SEARCH_PATHS = (
					"$(inherited)",
					"@executable_path/Frameworks",
					"@executable_path/../../Frameworks",
				);
				PRODUCT_BUNDLE_IDENTIFIER = com.musty.Project19.Extension;
				PRODUCT_NAME = "$(TARGET_NAME)";
				SKIP_INSTALL = YES;
				SWIFT_VERSION = 5.0;
				TARGETED_DEVICE_FAMILY = "1,2";
			};
			name = Release;
		};
/* End XCBuildConfiguration section */

/* Begin XCConfigurationList section */
		10C97F2D25A37FA7005ED0F1 /* Build configuration list for PBXProject "Project19" */ = {
			isa = XCConfigurationList;
			buildConfigurations = (
				10C97F4425A37FA8005ED0F1 /* Debug */,
				10C97F4525A37FA8005ED0F1 /* Release */,
			);
			defaultConfigurationIsVisible = 0;
			defaultConfigurationName = Release;
		};
		10C97F4625A37FA8005ED0F1 /* Build configuration list for PBXNativeTarget "Project19" */ = {
			isa = XCConfigurationList;
			buildConfigurations = (
				10C97F4725A37FA8005ED0F1 /* Debug */,
				10C97F4825A37FA8005ED0F1 /* Release */,
			);
			defaultConfigurationIsVisible = 0;
			defaultConfigurationName = Release;
		};
		10C97F5B25A382EF005ED0F1 /* Build configuration list for PBXNativeTarget "Extension" */ = {
			isa = XCConfigurationList;
			buildConfigurations = (
				10C97F5C25A382EF005ED0F1 /* Debug */,
				10C97F5D25A382EF005ED0F1 /* Release */,
			);
			defaultConfigurationIsVisible = 0;
			defaultConfigurationName = Release;
		};
/* End XCConfigurationList section */
	};
	rootObject = 10C97F2A25A37FA7005ED0F1 /* Project object */;
}
