// !$*UTF8*$!
{
	archiveVersion = 1;
	classes = {
	};
	objectVersion = 50;
	objects = {

/* Begin PBXBuildFile section */
		1058AE2325758C5A0091FDC4 /* DetailViewController.swift in Sources */ = {isa = PBXBuildFile; fileRef = 1058AE2125758C5A0091FDC4 /* DetailViewController.swift */; };
		1058AE2425758C5A0091FDC4 /* DetailViewController.xib in Resources */ = {isa = PBXBuildFile; fileRef = 1058AE2225758C5A0091FDC4 /* DetailViewController.xib */; };
		10B2836F25891A7200CCD74C /* PictureCell.swift in Sources */ = {isa = PBXBuildFile; fileRef = 10B2836E25891A7200CCD74C /* PictureCell.swift */; };
		10BA4B192574418E00698DE8 /* AppDelegate.swift in Sources */ = {isa = PBXBuildFile; fileRef = 10BA4B182574418E00698DE8 /* AppDelegate.swift */; };
		10BA4B1B2574418E00698DE8 /* SceneDelegate.swift in Sources */ = {isa = PBXBuildFile; fileRef = 10BA4B1A2574418E00698DE8 /* SceneDelegate.swift */; };
		10BA4B1D2574418E00698DE8 /* ViewController.swift in Sources */ = {isa = PBXBuildFile; fileRef = 10BA4B1C2574418E00698DE8 /* ViewController.swift */; };
		10BA4B202574418E00698DE8 /* Main.storyboard in Resources */ = {isa = PBXBuildFile; fileRef = 10BA4B1E2574418E00698DE8 /* Main.storyboard */; };
		10BA4B222574419400698DE8 /* Assets.xcassets in Resources */ = {isa = PBXBuildFile; fileRef = 10BA4B212574419400698DE8 /* Assets.xcassets */; };
		10BA4B252574419400698DE8 /* LaunchScreen.storyboard in Resources */ = {isa = PBXBuildFile; fileRef = 10BA4B232574419400698DE8 /* LaunchScreen.storyboard */; };
		10BA4B38257441B800698DE8 /* nssl0049.jpg in Resources */ = {isa = PBXBuildFile; fileRef = 10BA4B2E257441B800698DE8 /* nssl0049.jpg */; };
		10BA4B39257441B800698DE8 /* nssl0046.jpg in Resources */ = {isa = PBXBuildFile; fileRef = 10BA4B2F257441B800698DE8 /* nssl0046.jpg */; };
		10BA4B3A257441B800698DE8 /* nssl0091.jpg in Resources */ = {isa = PBXBuildFile; fileRef = 10BA4B30257441B800698DE8 /* nssl0091.jpg */; };
		10BA4B3B257441B800698DE8 /* nssl0045.jpg in Resources */ = {isa = PBXBuildFile; fileRef = 10BA4B31257441B800698DE8 /* nssl0045.jpg */; };
		10BA4B3C257441B800698DE8 /* nssl0051.jpg in Resources */ = {isa = PBXBuildFile; fileRef = 10BA4B32257441B800698DE8 /* nssl0051.jpg */; };
		10BA4B3D257441B800698DE8 /* nssl0041.jpg in Resources */ = {isa = PBXBuildFile; fileRef = 10BA4B33257441B800698DE8 /* nssl0041.jpg */; };
		10BA4B3E257441B800698DE8 /* nssl0042.jpg in Resources */ = {isa = PBXBuildFile; fileRef = 10BA4B34257441B800698DE8 /* nssl0042.jpg */; };
		10BA4B3F257441B800698DE8 /* nssl0043.jpg in Resources */ = {isa = PBXBuildFile; fileRef = 10BA4B35257441B800698DE8 /* nssl0043.jpg */; };
		10BA4B40257441B800698DE8 /* nssl0033.jpg in Resources */ = {isa = PBXBuildFile; fileRef = 10BA4B36257441B800698DE8 /* nssl0033.jpg */; };
		10BA4B41257441B800698DE8 /* nssl0034.jpg in Resources */ = {isa = PBXBuildFile; fileRef = 10BA4B37257441B800698DE8 /* nssl0034.jpg */; };
/* End PBXBuildFile section */

/* Begin PBXFileReference section */
		1058AE2125758C5A0091FDC4 /* DetailViewController.swift */ = {isa = PBXFileReference; lastKnownFileType = sourcecode.swift; path = DetailViewController.swift; sourceTree = "<group>"; };
		1058AE2225758C5A0091FDC4 /* DetailViewController.xib */ = {isa = PBXFileReference; lastKnownFileType = file.xib; path = DetailViewController.xib; sourceTree = "<group>"; };
		10B2836E25891A7200CCD74C /* PictureCell.swift */ = {isa = PBXFileReference; lastKnownFileType = sourcecode.swift; path = PictureCell.swift; sourceTree = "<group>"; };
		10BA4B152574418E00698DE8 /* Project1.app */ = {isa = PBXFileReference; explicitFileType = wrapper.application; includeInIndex = 0; path = Project1.app; sourceTree = BUILT_PRODUCTS_DIR; };
		10BA4B182574418E00698DE8 /* AppDelegate.swift */ = {isa = PBXFileReference; lastKnownFileType = sourcecode.swift; path = AppDelegate.swift; sourceTree = "<group>"; };
		10BA4B1A2574418E00698DE8 /* SceneDelegate.swift */ = {isa = PBXFileReference; lastKnownFileType = sourcecode.swift; path = SceneDelegate.swift; sourceTree = "<group>"; };
		10BA4B1C2574418E00698DE8 /* ViewController.swift */ = {isa = PBXFileReference; lastKnownFileType = sourcecode.swift; path = ViewController.swift; sourceTree = "<group>"; };
		10BA4B1F2574418E00698DE8 /* Base */ = {isa = PBXFileReference; lastKnownFileType = file.storyboard; name = Base; path = Base.lproj/Main.storyboard; sourceTree = "<group>"; };
		10BA4B212574419400698DE8 /* Assets.xcassets */ = {isa = PBXFileReference; lastKnownFileType = folder.assetcatalog; path = Assets.xcassets; sourceTree = "<group>"; };
		10BA4B242574419400698DE8 /* Base */ = {isa = PBXFileReference; lastKnownFileType = file.storyboard; name = Base; path = Base.lproj/LaunchScreen.storyboard; sourceTree = "<group>"; };
		10BA4B262574419400698DE8 /* Info.plist */ = {isa = PBXFileReference; lastKnownFileType = text.plist.xml; path = Info.plist; sourceTree = "<group>"; };
		10BA4B2E257441B800698DE8 /* nssl0049.jpg */ = {isa = PBXFileReference; lastKnownFileType = image.jpeg; path = nssl0049.jpg; sourceTree = "<group>"; };
		10BA4B2F257441B800698DE8 /* nssl0046.jpg */ = {isa = PBXFileReference; lastKnownFileType = image.jpeg; path = nssl0046.jpg; sourceTree = "<group>"; };
		10BA4B30257441B800698DE8 /* nssl0091.jpg */ = {isa = PBXFileReference; lastKnownFileType = image.jpeg; path = nssl0091.jpg; sourceTree = "<group>"; };
		10BA4B31257441B800698DE8 /* nssl0045.jpg */ = {isa = PBXFileReference; lastKnownFileType = image.jpeg; path = nssl0045.jpg; sourceTree = "<group>"; };
		10BA4B32257441B800698DE8 /* nssl0051.jpg */ = {isa = PBXFileReference; lastKnownFileType = image.jpeg; path = nssl0051.jpg; sourceTree = "<group>"; };
		10BA4B33257441B800698DE8 /* nssl0041.jpg */ = {isa = PBXFileReference; lastKnownFileType = image.jpeg; path = nssl0041.jpg; sourceTree = "<group>"; };
		10BA4B34257441B800698DE8 /* nssl0042.jpg */ = {isa = PBXFileReference; lastKnownFileType = image.jpeg; path = nssl0042.jpg; sourceTree = "<group>"; };
		10BA4B35257441B800698DE8 /* nssl0043.jpg */ = {isa = PBXFileReference; lastKnownFileType = image.jpeg; path = nssl0043.jpg; sourceTree = "<group>"; };
		10BA4B36257441B800698DE8 /* nssl0033.jpg */ = {isa = PBXFileReference; lastKnownFileType = image.jpeg; path = nssl0033.jpg; sourceTree = "<group>"; };
		10BA4B37257441B800698DE8 /* nssl0034.jpg */ = {isa = PBXFileReference; lastKnownFileType = image.jpeg; path = nssl0034.jpg; sourceTree = "<group>"; };
/* End PBXFileReference section */

/* Begin PBXFrameworksBuildPhase section */
		10BA4B122574418E00698DE8 /* Frameworks */ = {
			isa = PBXFrameworksBuildPhase;
			buildActionMask = 2147483647;
			files = (
			);
			runOnlyForDeploymentPostprocessing = 0;
		};
/* End PBXFrameworksBuildPhase section */

/* Begin PBXGroup section */
		10BA4B0C2574418E00698DE8 = {
			isa = PBXGroup;
			children = (
				10BA4B172574418E00698DE8 /* Project1 */,
				10BA4B162574418E00698DE8 /* Products */,
			);
			sourceTree = "<group>";
		};
		10BA4B162574418E00698DE8 /* Products */ = {
			isa = PBXGroup;
			children = (
				10BA4B152574418E00698DE8 /* Project1.app */,
			);
			name = Products;
			sourceTree = "<group>";
		};
		10BA4B172574418E00698DE8 /* Project1 */ = {
			isa = PBXGroup;
			children = (
				10BA4B182574418E00698DE8 /* AppDelegate.swift */,
				10BA4B1A2574418E00698DE8 /* SceneDelegate.swift */,
				10BA4B1C2574418E00698DE8 /* ViewController.swift */,
				10B2836E25891A7200CCD74C /* PictureCell.swift */,
				1058AE2125758C5A0091FDC4 /* DetailViewController.swift */,
				1058AE2225758C5A0091FDC4 /* DetailViewController.xib */,
				10BA4B1E2574418E00698DE8 /* Main.storyboard */,
				10BA4B212574419400698DE8 /* Assets.xcassets */,
				10BA4B232574419400698DE8 /* LaunchScreen.storyboard */,
				10BA4B262574419400698DE8 /* Info.plist */,
				10BA4B2D257441B800698DE8 /* Content */,
			);
			path = Project1;
			sourceTree = "<group>";
		};
		10BA4B2D257441B800698DE8 /* Content */ = {
			isa = PBXGroup;
			children = (
				10BA4B2E257441B800698DE8 /* nssl0049.jpg */,
				10BA4B2F257441B800698DE8 /* nssl0046.jpg */,
				10BA4B30257441B800698DE8 /* nssl0091.jpg */,
				10BA4B31257441B800698DE8 /* nssl0045.jpg */,
				10BA4B32257441B800698DE8 /* nssl0051.jpg */,
				10BA4B33257441B800698DE8 /* nssl0041.jpg */,
				10BA4B34257441B800698DE8 /* nssl0042.jpg */,
				10BA4B35257441B800698DE8 /* nssl0043.jpg */,
				10BA4B36257441B800698DE8 /* nssl0033.jpg */,
				10BA4B37257441B800698DE8 /* nssl0034.jpg */,
			);
			path = Content;
			sourceTree = "<group>";
		};
/* End PBXGroup section */

/* Begin PBXNativeTarget section */
		10BA4B142574418E00698DE8 /* Project1 */ = {
			isa = PBXNativeTarget;
			buildConfigurationList = 10BA4B292574419400698DE8 /* Build configuration list for PBXNativeTarget "Project1" */;
			buildPhases = (
				10BA4B112574418E00698DE8 /* Sources */,
				10BA4B122574418E00698DE8 /* Frameworks */,
				10BA4B132574418E00698DE8 /* Resources */,
			);
			buildRules = (
			);
			dependencies = (
			);
			name = Project1;
			productName = Project1;
			productReference = 10BA4B152574418E00698DE8 /* Project1.app */;
			productType = "com.apple.product-type.application";
		};
/* End PBXNativeTarget section */

/* Begin PBXProject section */
		10BA4B0D2574418E00698DE8 /* Project object */ = {
			isa = PBXProject;
			attributes = {
				LastSwiftUpdateCheck = 1220;
				LastUpgradeCheck = 1220;
				TargetAttributes = {
					10BA4B142574418E00698DE8 = {
						CreatedOnToolsVersion = 12.2;
					};
				};
			};
			buildConfigurationList = 10BA4B102574418E00698DE8 /* Build configuration list for PBXProject "Project1" */;
			compatibilityVersion = "Xcode 9.3";
			developmentRegion = en;
			hasScannedForEncodings = 0;
			knownRegions = (
				en,
				Base,
			);
			mainGroup = 10BA4B0C2574418E00698DE8;
			productRefGroup = 10BA4B162574418E00698DE8 /* Products */;
			projectDirPath = "";
			projectRoot = "";
			targets = (
				10BA4B142574418E00698DE8 /* Project1 */,
			);
		};
/* End PBXProject section */

/* Begin PBXResourcesBuildPhase section */
		10BA4B132574418E00698DE8 /* Resources */ = {
			isa = PBXResourcesBuildPhase;
			buildActionMask = 2147483647;
			files = (
				10BA4B39257441B800698DE8 /* nssl0046.jpg in Resources */,
				10BA4B40257441B800698DE8 /* nssl0033.jpg in Resources */,
				10BA4B3C257441B800698DE8 /* nssl0051.jpg in Resources */,
				10BA4B3A257441B800698DE8 /* nssl0091.jpg in Resources */,
				10BA4B3F257441B800698DE8 /* nssl0043.jpg in Resources */,
				10BA4B41257441B800698DE8 /* nssl0034.jpg in Resources */,
				10BA4B38257441B800698DE8 /* nssl0049.jpg in Resources */,
				10BA4B3D257441B800698DE8 /* nssl0041.jpg in Resources */,
				10BA4B3E257441B800698DE8 /* nssl0042.jpg in Resources */,
				1058AE2425758C5A0091FDC4 /* DetailViewController.xib in Resources */,
				10BA4B252574419400698DE8 /* LaunchScreen.storyboard in Resources */,
				10BA4B222574419400698DE8 /* Assets.xcassets in Resources */,
				10BA4B3B257441B800698DE8 /* nssl0045.jpg in Resources */,
				10BA4B202574418E00698DE8 /* Main.storyboard in Resources */,
			);
			runOnlyForDeploymentPostprocessing = 0;
		};
/* End PBXResourcesBuildPhase section */

/* Begin PBXSourcesBuildPhase section */
		10BA4B112574418E00698DE8 /* Sources */ = {
			isa = PBXSourcesBuildPhase;
			buildActionMask = 2147483647;
			files = (
				10BA4B1D2574418E00698DE8 /* ViewController.swift in Sources */,
				10BA4B192574418E00698DE8 /* AppDelegate.swift in Sources */,
				10B2836F25891A7200CCD74C /* PictureCell.swift in Sources */,
				10BA4B1B2574418E00698DE8 /* SceneDelegate.swift in Sources */,
				1058AE2325758C5A0091FDC4 /* DetailViewController.swift in Sources */,
			);
			runOnlyForDeploymentPostprocessing = 0;
		};
/* End PBXSourcesBuildPhase section */

/* Begin PBXVariantGroup section */
		10BA4B1E2574418E00698DE8 /* Main.storyboard */ = {
			isa = PBXVariantGroup;
			children = (
				10BA4B1F2574418E00698DE8 /* Base */,
			);
			name = Main.storyboard;
			sourceTree = "<group>";
		};
		10BA4B232574419400698DE8 /* LaunchScreen.storyboard */ = {
			isa = PBXVariantGroup;
			children = (
				10BA4B242574419400698DE8 /* Base */,
			);
			name = LaunchScreen.storyboard;
			sourceTree = "<group>";
		};
/* End PBXVariantGroup section */

/* Begin XCBuildConfiguration section */
		10BA4B272574419400698DE8 /* Debug */ = {
			isa = XCBuildConfiguration;
			buildSettings = {
				ALWAYS_SEARCH_USER_PATHS = NO;
				CLANG_ANALYZER_NONNULL = YES;
				CLANG_ANALYZER_NUMBER_OBJECT_CONVERSION = YES_AGGRESSIVE;
				CLANG_CXX_LANGUAGE_STANDARD = "gnu++14";
				CLANG_CXX_LIBRARY = "libc++";
				CLANG_ENABLE_MODULES = YES;
				CLANG_ENABLE_OBJC_ARC = YES;
				CLANG_ENABLE_OBJC_WEAK = YES;
				CLANG_WARN_BLOCK_CAPTURE_AUTORELEASING = YES;
				CLANG_WARN_BOOL_CONVERSION = YES;
				CLANG_WARN_COMMA = YES;
				CLANG_WARN_CONSTANT_CONVERSION = YES;
				CLANG_WARN_DEPRECATED_OBJC_IMPLEMENTATIONS = YES;
				CLANG_WARN_DIRECT_OBJC_ISA_USAGE = YES_ERROR;
				CLANG_WARN_DOCUMENTATION_COMMENTS = YES;
				CLANG_WARN_EMPTY_BODY = YES;
				CLANG_WARN_ENUM_CONVERSION = YES;
				CLANG_WARN_INFINITE_RECURSION = YES;
				CLANG_WARN_INT_CONVERSION = YES;
				CLANG_WARN_NON_LITERAL_NULL_CONVERSION = YES;
				CLANG_WARN_OBJC_IMPLICIT_RETAIN_SELF = YES;
				CLANG_WARN_OBJC_LITERAL_CONVERSION = YES;
				CLANG_WARN_OBJC_ROOT_CLASS = YES_ERROR;
				CLANG_WARN_QUOTED_INCLUDE_IN_FRAMEWORK_HEADER = YES;
				CLANG_WARN_RANGE_LOOP_ANALYSIS = YES;
				CLANG_WARN_STRICT_PROTOTYPES = YES;
				CLANG_WARN_SUSPICIOUS_MOVE = YES;
				CLANG_WARN_UNGUARDED_AVAILABILITY = YES_AGGRESSIVE;
				CLANG_WARN_UNREACHABLE_CODE = YES;
				CLANG_WARN__DUPLICATE_METHOD_MATCH = YES;
				COPY_PHASE_STRIP = NO;
				DEBUG_INFORMATION_FORMAT = dwarf;
				ENABLE_STRICT_OBJC_MSGSEND = YES;
				ENABLE_TESTABILITY = YES;
				GCC_C_LANGUAGE_STANDARD = gnu11;
				GCC_DYNAMIC_NO_PIC = NO;
				GCC_NO_COMMON_BLOCKS = YES;
				GCC_OPTIMIZATION_LEVEL = 0;
				GCC_PREPROCESSOR_DEFINITIONS = (
					"DEBUG=1",
					"$(inherited)",
				);
				GCC_WARN_64_TO_32_BIT_CONVERSION = YES;
				GCC_WARN_ABOUT_RETURN_TYPE = YES_ERROR;
				GCC_WARN_UNDECLARED_SELECTOR = YES;
				GCC_WARN_UNINITIALIZED_AUTOS = YES_AGGRESSIVE;
				GCC_WARN_UNUSED_FUNCTION = YES;
				GCC_WARN_UNUSED_VARIABLE = YES;
				IPHONEOS_DEPLOYMENT_TARGET = 14.2;
				MTL_ENABLE_DEBUG_INFO = INCLUDE_SOURCE;
				MTL_FAST_MATH = YES;
				ONLY_ACTIVE_ARCH = YES;
				SDKROOT = iphoneos;
				SWIFT_ACTIVE_COMPILATION_CONDITIONS = DEBUG;
				SWIFT_OPTIMIZATION_LEVEL = "-Onone";
			};
			name = Debug;
		};
		10BA4B282574419400698DE8 /* Release */ = {
			isa = XCBuildConfiguration;
			buildSettings = {
				ALWAYS_SEARCH_USER_PATHS = NO;
				CLANG_ANALYZER_NONNULL = YES;
				CLANG_ANALYZER_NUMBER_OBJECT_CONVERSION = YES_AGGRESSIVE;
				CLANG_CXX_LANGUAGE_STANDARD = "gnu++14";
				CLANG_CXX_LIBRARY = "libc++";
				CLANG_ENABLE_MODULES = YES;
				CLANG_ENABLE_OBJC_ARC = YES;
				CLANG_ENABLE_OBJC_WEAK = YES;
				CLANG_WARN_BLOCK_CAPTURE_AUTORELEASING = YES;
				CLANG_WARN_BOOL_CONVERSION = YES;
				CLANG_WARN_COMMA = YES;
				CLANG_WARN_CONSTANT_CONVERSION = YES;
				CLANG_WARN_DEPRECATED_OBJC_IMPLEMENTATIONS = YES;
				CLANG_WARN_DIRECT_OBJC_ISA_USAGE = YES_ERROR;
				CLANG_WARN_DOCUMENTATION_COMMENTS = YES;
				CLANG_WARN_EMPTY_BODY = YES;
				CLANG_WARN_ENUM_CONVERSION = YES;
				CLANG_WARN_INFINITE_RECURSION = YES;
				CLANG_WARN_INT_CONVERSION = YES;
				CLANG_WARN_NON_LITERAL_NULL_CONVERSION = YES;
				CLANG_WARN_OBJC_IMPLICIT_RETAIN_SELF = YES;
				CLANG_WARN_OBJC_LITERAL_CONVERSION = YES;
				CLANG_WARN_OBJC_ROOT_CLASS = YES_ERROR;
				CLANG_WARN_QUOTED_INCLUDE_IN_FRAMEWORK_HEADER = YES;
				CLANG_WARN_RANGE_LOOP_ANALYSIS = YES;
				CLANG_WARN_STRICT_PROTOTYPES = YES;
				CLANG_WARN_SUSPICIOUS_MOVE = YES;
				CLANG_WARN_UNGUARDED_AVAILABILITY = YES_AGGRESSIVE;
				CLANG_WARN_UNREACHABLE_CODE = YES;
				CLANG_WARN__DUPLICATE_METHOD_MATCH = YES;
				COPY_PHASE_STRIP = NO;
				DEBUG_INFORMATION_FORMAT = "dwarf-with-dsym";
				ENABLE_NS_ASSERTIONS = NO;
				ENABLE_STRICT_OBJC_MSGSEND = YES;
				GCC_C_LANGUAGE_STANDARD = gnu11;
				GCC_NO_COMMON_BLOCKS = YES;
				GCC_WARN_64_TO_32_BIT_CONVERSION = YES;
				GCC_WARN_ABOUT_RETURN_TYPE = YES_ERROR;
				GCC_WARN_UNDECLARED_SELECTOR = YES;
				GCC_WARN_UNINITIALIZED_AUTOS = YES_AGGRESSIVE;
				GCC_WARN_UNUSED_FUNCTION = YES;
				GCC_WARN_UNUSED_VARIABLE = YES;
				IPHONEOS_DEPLOYMENT_TARGET = 14.2;
				MTL_ENABLE_DEBUG_INFO = NO;
				MTL_FAST_MATH = YES;
				SDKROOT = iphoneos;
				SWIFT_COMPILATION_MODE = wholemodule;
				SWIFT_OPTIMIZATION_LEVEL = "-O";
				VALIDATE_PRODUCT = YES;
			};
			name = Release;
		};
		10BA4B2A2574419400698DE8 /* Debug */ = {
			isa = XCBuildConfiguration;
			buildSettings = {
				ASSETCATALOG_COMPILER_APPICON_NAME = AppIcon;
				ASSETCATALOG_COMPILER_GLOBAL_ACCENT_COLOR_NAME = AccentColor;
				CODE_SIGN_STYLE = Automatic;
				DEVELOPMENT_TEAM = 49XESD2744;
				INFOPLIST_FILE = Project1/Info.plist;
				LD_RUNPATH_SEARCH_PATHS = (
					"$(inherited)",
					"@executable_path/Frameworks",
				);
				PRODUCT_BUNDLE_IDENTIFIER = musty.Project1;
				PRODUCT_NAME = "$(TARGET_NAME)";
				SWIFT_VERSION = 5.0;
				TARGETED_DEVICE_FAMILY = "1,2";
			};
			name = Debug;
		};
		10BA4B2B2574419400698DE8 /* Release */ = {
			isa = XCBuildConfiguration;
			buildSettings = {
				ASSETCATALOG_COMPILER_APPICON_NAME = AppIcon;
				ASSETCATALOG_COMPILER_GLOBAL_ACCENT_COLOR_NAME = AccentColor;
				CODE_SIGN_STYLE = Automatic;
				DEVELOPMENT_TEAM = 49XESD2744;
				INFOPLIST_FILE = Project1/Info.plist;
				LD_RUNPATH_SEARCH_PATHS = (
					"$(inherited)",
					"@executable_path/Frameworks",
				);
				PRODUCT_BUNDLE_IDENTIFIER = musty.Project1;
				PRODUCT_NAME = "$(TARGET_NAME)";
				SWIFT_VERSION = 5.0;
				TARGETED_DEVICE_FAMILY = "1,2";
			};
			name = Release;
		};
/* End XCBuildConfiguration section */

/* Begin XCConfigurationList section */
		10BA4B102574418E00698DE8 /* Build configuration list for PBXProject "Project1" */ = {
			isa = XCConfigurationList;
			buildConfigurations = (
				10BA4B272574419400698DE8 /* Debug */,
				10BA4B282574419400698DE8 /* Release */,
			);
			defaultConfigurationIsVisible = 0;
			defaultConfigurationName = Release;
		};
		10BA4B292574419400698DE8 /* Build configuration list for PBXNativeTarget "Project1" */ = {
			isa = XCConfigurationList;
			buildConfigurations = (
				10BA4B2A2574419400698DE8 /* Debug */,
				10BA4B2B2574419400698DE8 /* Release */,
			);
			defaultConfigurationIsVisible = 0;
			defaultConfigurationName = Release;
		};
/* End XCConfigurationList section */
	};
	rootObject = 10BA4B0D2574418E00698DE8 /* Project object */;
}
